PODS:
  - FlutterMacOS (1.0.0)
  - rust_lib_example_app_flutter (0.0.1):
    - FlutterMacOS

DEPENDENCIES:
  - FlutterMacOS (from `Flutter/ephemeral`)
  - rust_lib_example_app_flutter (from `Flutter/ephemeral/.symlinks/plugins/rust_lib_example_app_flutter/macos`)

EXTERNAL SOURCES:
  FlutterMacOS:
    :path: Flutter/ephemeral
  rust_lib_example_app_flutter:
    :path: Flutter/ephemeral/.symlinks/plugins/rust_lib_example_app_flutter/macos

SPEC CHECKSUMS:
  FlutterMacOS: 8f6f14fa908a6fb3fba0cd85dbd81ec4b251fb24
  rust_lib_example_app_flutter: 52c563de1c1554cbd07ad97054cad5001d983663

PODFILE CHECKSUM: 7eb978b976557c8c1cd717d8185ec483fd090a82

COCOAPODS: 1.16.2
